{
  "name": "jetton-deployer-example",
  "version": "1.0.0",
  "lockfileVersion": 2,
  "requires": true,
  "packages": {
    "": {
      "name": "jetton-deployer-example",
      "version": "1.0.0",
      "license": "ISC",
      "dependencies": {
        "jetton-deployer-contracts": "file:../jetton-deployer-contracts-0.0.5.tgz"
      }
    },
    "node_modules/@aws-crypto/sha256-js": {
      "version": "2.0.1",
      "resolved": "https://registry.npmjs.org/@aws-crypto/sha256-js/-/sha256-js-2.0.1.tgz",
      "integrity": "sha512-mbHTBSPBvg6o/mN/c18Z/zifM05eJrapj5ggoOIeHIWckvkv5VgGi7r/wYpt+QAO2ySKXLNvH2d8L7bne4xrMQ==",
      "dependencies": {
        "@aws-crypto/util": "^2.0.1",
        "@aws-sdk/types": "^3.1.0",
        "tslib": "^1.11.1"
      }
    },
    "node_modules/@aws-crypto/util": {
      "version": "2.0.1",
      "resolved": "https://registry.npmjs.org/@aws-crypto/util/-/util-2.0.1.tgz",
      "integrity": "sha512-JJmFFwvbm08lULw4Nm5QOLg8+lAQeC8aCXK5xrtxntYzYXCGfHwUJ4Is3770Q7HmICsXthGQ+ZsDL7C2uH3yBQ==",
      "dependencies": {
        "@aws-sdk/types": "^3.1.0",
        "@aws-sdk/util-utf8-browser": "^3.0.0",
        "tslib": "^1.11.1"
      }
    },
    "node_modules/@aws-sdk/types": {
      "version": "3.78.0",
      "resolved": "https://registry.npmjs.org/@aws-sdk/types/-/types-3.78.0.tgz",
      "integrity": "sha512-I9PTlVNSbwhIgMfmDM5as1tqRIkVZunjVmfogb2WVVPp4CaX0Ll01S0FSMSLL9k6tcQLXqh45pFRjrxCl9WKdQ==",
      "engines": {
        "node": ">= 12.0.0"
      }
    },
    "node_modules/@aws-sdk/util-utf8-browser": {
      "version": "3.55.0",
      "resolved": "https://registry.npmjs.org/@aws-sdk/util-utf8-browser/-/util-utf8-browser-3.55.0.tgz",
      "integrity": "sha512-ljzqJcyjfJpEVSIAxwtIS8xMRUly84BdjlBXyp6cu4G8TUufgjNS31LWdhyGhgmW5vYBNr+LTz0Kwf6J+ou7Ug==",
      "dependencies": {
        "tslib": "^2.3.1"
      }
    },
    "node_modules/@aws-sdk/util-utf8-browser/node_modules/tslib": {
      "version": "2.4.0",
      "resolved": "https://registry.npmjs.org/tslib/-/tslib-2.4.0.tgz",
      "integrity": "sha512-d6xOpEDfsi2CZVlPQzGeux8XMwLT9hssAsaPYExaQMuYskwb+x1x7J371tWlbBdWHroy99KnVB6qIkUbs5X3UQ=="
    },
    "node_modules/@openland/patterns": {
      "version": "0.0.2",
      "resolved": "https://registry.npmjs.org/@openland/patterns/-/patterns-0.0.2.tgz",
      "integrity": "sha512-ttgJELwtG8cIER1JeWjkIMg3e+MlAL6n4wFPSNPoBCl+5t3G/HIz9kolvxBmN5/3RXEgh68NnePzGiUBaUHmRQ=="
    },
    "node_modules/@scarf/scarf": {
      "version": "1.1.1",
      "resolved": "https://registry.npmjs.org/@scarf/scarf/-/scarf-1.1.1.tgz",
      "integrity": "sha512-VGbKDbk1RFIaSmdVb0cNjjWJoRWRI/Weo23AjRCC2nryO0iAS8pzsToJfPVPtVs74WHw4L1UTADNdIYRLkirZQ==",
      "hasInstallScript": true
    },
    "node_modules/@types/axios": {
      "version": "0.14.0",
      "resolved": "https://registry.npmjs.org/@types/axios/-/axios-0.14.0.tgz",
      "integrity": "sha512-KqQnQbdYE54D7oa/UmYVMZKq7CO4l8DEENzOKc4aBRwxCXSlJXGz83flFx5L7AWrOQnmuN3kVsRdt+GZPPjiVQ==",
      "deprecated": "This is a stub types definition for axios (https://github.com/mzabriskie/axios). axios provides its own type definitions, so you don't need @types/axios installed!",
      "dependencies": {
        "axios": "*"
      }
    },
    "node_modules/@types/bn.js": {
      "version": "5.1.0",
      "resolved": "https://registry.npmjs.org/@types/bn.js/-/bn.js-5.1.0.tgz",
      "integrity": "sha512-QSSVYj7pYFN49kW77o2s9xTCwZ8F2xLbjLLSEVh8D2F4JUhZtPAGOFLTD+ffqksBx/u4cE/KImFjyhqCjn/LIA==",
      "dependencies": {
        "@types/node": "*"
      }
    },
    "node_modules/@types/node": {
      "version": "17.0.41",
      "resolved": "https://registry.npmjs.org/@types/node/-/node-17.0.41.tgz",
      "integrity": "sha512-xA6drNNeqb5YyV5fO3OAEsnXLfO7uF0whiOfPTz5AeDo8KeZFmODKnvwPymMNO8qE/an8pVY/O50tig2SQCrGw=="
    },
    "node_modules/asynckit": {
      "version": "0.4.0",
      "resolved": "https://registry.npmjs.org/asynckit/-/asynckit-0.4.0.tgz",
      "integrity": "sha512-Oei9OH4tRh0YqU3GxhX79dM/mwVgvbZJaSNaRk+bshkj0S5cfHcgYakreBjrHwatXKbz+IoIdYLxrKim2MjW0Q=="
    },
    "node_modules/axios": {
      "version": "0.27.2",
      "resolved": "https://registry.npmjs.org/axios/-/axios-0.27.2.tgz",
      "integrity": "sha512-t+yRIyySRTp/wua5xEr+z1q60QmLq8ABsS5O9Me1AsE5dfKqgnCFzwiCZZ/cGNd1lq4/7akDWMxdhVlucjmnOQ==",
      "dependencies": {
        "follow-redirects": "^1.14.9",
        "form-data": "^4.0.0"
      }
    },
    "node_modules/axios-request-throttle": {
      "version": "1.0.0",
      "resolved": "https://registry.npmjs.org/axios-request-throttle/-/axios-request-throttle-1.0.0.tgz",
      "integrity": "sha512-NYh7kZkgSJZyIohqrvQEzr4uygqbxXb769kbphkwgYNAJm5eDg33mqHLA2pwHKC1uqbTfNpmjmzWdUdo+ptBWg==",
      "dependencies": {
        "@types/axios": "^0.14.0",
        "promise-throttle": "^1.1.2"
      },
      "peerDependencies": {
        "axios": "*"
      }
    },
    "node_modules/bn.js": {
      "version": "5.2.0",
      "resolved": "https://registry.npmjs.org/bn.js/-/bn.js-5.2.0.tgz",
      "integrity": "sha512-D7iWRBvnZE8ecXiLj/9wbxH7Tk79fAh8IHaTNq1RWRixsS02W+5qS+iE9yq6RYl0asXx5tw0bLhmT5pIfbSquw=="
    },
    "node_modules/combined-stream": {
      "version": "1.0.8",
      "resolved": "https://registry.npmjs.org/combined-stream/-/combined-stream-1.0.8.tgz",
      "integrity": "sha512-FQN4MRfuJeHf7cBbBMJFXhKSDq+2kAArBlmRBvcvFE5BB1HZKXtSFASDhdlz9zOYwxh8lDdnvmMOe/+5cdoEdg==",
      "dependencies": {
        "delayed-stream": "~1.0.0"
      },
      "engines": {
        "node": ">= 0.8"
      }
    },
    "node_modules/dataloader": {
      "version": "2.1.0",
      "resolved": "https://registry.npmjs.org/dataloader/-/dataloader-2.1.0.tgz",
      "integrity": "sha512-qTcEYLen3r7ojZNgVUaRggOI+KM7jrKxXeSHhogh/TWxYMeONEMqY+hmkobiYQozsGIyg9OYVzO4ZIfoB4I0pQ=="
    },
    "node_modules/delayed-stream": {
      "version": "1.0.0",
      "resolved": "https://registry.npmjs.org/delayed-stream/-/delayed-stream-1.0.0.tgz",
      "integrity": "sha512-ZySD7Nf91aLB0RxL4KGrKHBXl7Eds1DAmEdcoVawXnLD7SDhpNgtuII2aAkg7a7QS41jxPSZ17p4VdGnMHk3MQ==",
      "engines": {
        "node": ">=0.4.0"
      }
    },
    "node_modules/dotenv": {
      "version": "16.0.1",
      "resolved": "https://registry.npmjs.org/dotenv/-/dotenv-16.0.1.tgz",
      "integrity": "sha512-1K6hR6wtk2FviQ4kEiSjFiH5rpzEVi8WW0x96aztHVMhEspNpc4DVOUTEHtEva5VThQ8IaBX1Pe4gSzpVVUsKQ==",
      "engines": {
        "node": ">=12"
      }
    },
    "node_modules/ethjs-unit": {
      "version": "0.1.6",
      "resolved": "https://registry.npmjs.org/ethjs-unit/-/ethjs-unit-0.1.6.tgz",
      "integrity": "sha512-/Sn9Y0oKl0uqQuvgFk/zQgR7aw1g36qX/jzSQ5lSwlO0GigPymk4eGQfeNTD03w1dPOqfz8V77Cy43jH56pagw==",
      "dependencies": {
        "bn.js": "4.11.6",
        "number-to-bn": "1.7.0"
      },
      "engines": {
        "node": ">=6.5.0",
        "npm": ">=3"
      }
    },
    "node_modules/ethjs-unit/node_modules/bn.js": {
      "version": "4.11.6",
      "resolved": "https://registry.npmjs.org/bn.js/-/bn.js-4.11.6.tgz",
      "integrity": "sha512-XWwnNNFCuuSQ0m3r3C4LE3EiORltHd9M05pq6FOlVeiophzRbMo50Sbz1ehl8K3Z+jw9+vmgnXefY1hz8X+2wA=="
    },
    "node_modules/follow-redirects": {
      "version": "1.15.1",
      "resolved": "https://registry.npmjs.org/follow-redirects/-/follow-redirects-1.15.1.tgz",
      "integrity": "sha512-yLAMQs+k0b2m7cVxpS1VKJVvoz7SS9Td1zss3XRwXj+ZDH00RJgnuLx7E44wx02kQLrdM3aOOy+FpzS7+8OizA==",
      "funding": [
        {
          "type": "individual",
          "url": "https://github.com/sponsors/RubenVerborgh"
        }
      ],
      "engines": {
        "node": ">=4.0"
      },
      "peerDependenciesMeta": {
        "debug": {
          "optional": true
        }
      }
    },
    "node_modules/form-data": {
      "version": "4.0.0",
      "resolved": "https://registry.npmjs.org/form-data/-/form-data-4.0.0.tgz",
      "integrity": "sha512-ETEklSGi5t0QMZuiXoA/Q6vcnxcLQP5vdugSpuAyi6SVGi2clPPp+xgEhuMaHC+zGgn31Kd235W35f7Hykkaww==",
      "dependencies": {
        "asynckit": "^0.4.0",
        "combined-stream": "^1.0.8",
        "mime-types": "^2.1.12"
      },
      "engines": {
        "node": ">= 6"
      }
    },
    "node_modules/fp-ts": {
      "version": "2.12.1",
      "resolved": "https://registry.npmjs.org/fp-ts/-/fp-ts-2.12.1.tgz",
      "integrity": "sha512-oxvgqUYR6O9VkKXrxkJ0NOyU0FrE705MeqgBUMEPWyTu6Pwn768cJbHChw2XOBlgFLKfIHxjr2OOBFpv2mUGZw=="
    },
    "node_modules/io-ts": {
      "version": "2.2.16",
      "resolved": "https://registry.npmjs.org/io-ts/-/io-ts-2.2.16.tgz",
      "integrity": "sha512-y5TTSa6VP6le0hhmIyN0dqEXkrZeJLeC5KApJq6VLci3UEKF80lZ+KuoUs02RhBxNWlrqSNxzfI7otLX1Euv8Q==",
      "peerDependencies": {
        "fp-ts": "^2.5.0"
      }
    },
    "node_modules/io-ts-reporters": {
      "version": "2.0.1",
      "resolved": "https://registry.npmjs.org/io-ts-reporters/-/io-ts-reporters-2.0.1.tgz",
      "integrity": "sha512-RVpLstYBsmTGgCW9wJ5KVyN/eRnRUDp87Flt4D1O3aJ7oAnd8csq8aXuu7ZeNK8qEDKmjUl9oUuzfwikaNAMKQ==",
      "dependencies": {
        "@scarf/scarf": "^1.1.1"
      },
      "peerDependencies": {
        "fp-ts": "^2.10.5",
        "io-ts": "^2.2.16"
      }
    },
    "node_modules/is-hex-prefixed": {
      "version": "1.0.0",
      "resolved": "https://registry.npmjs.org/is-hex-prefixed/-/is-hex-prefixed-1.0.0.tgz",
      "integrity": "sha512-WvtOiug1VFrE9v1Cydwm+FnXd3+w9GaeVUss5W4v/SLy3UW00vP+6iNF2SdnfiBoLy4bTqVdkftNGTUeOFVsbA==",
      "engines": {
        "node": ">=6.5.0",
        "npm": ">=3"
      }
    },
    "node_modules/jetton-deployer-contracts": {
      "version": "0.0.5",
      "resolved": "file:../jetton-deployer-contracts-0.0.5.tgz",
      "integrity": "sha512-JlfLnKxQd2k1WHVmptwwm3tdQ5RmnlK3vONk/mdSQeDVVP8kOlWXrZNH9oNJOp0Xw5SwjF/cLRARIAgb4Fp8Kg==",
      "license": "MIT",
      "dependencies": {
        "@aws-crypto/sha256-js": "^2.0.1",
        "axios-request-throttle": "^1.0.0",
        "dotenv": "^16.0.0",
        "ton": "^9.6.3",
        "ton-crypto": "^3.1.0",
        "ton-x": "^0.6.0"
      },
      "engines": {
        "node": ">=16.0.0"
      }
    },
    "node_modules/jssha": {
      "version": "3.2.0",
      "resolved": "https://registry.npmjs.org/jssha/-/jssha-3.2.0.tgz",
      "integrity": "sha512-QuruyBENDWdN4tZwJbQq7/eAK85FqrI4oDbXjy5IBhYD+2pTJyBUWZe8ctWaCkrV0gy6AaelgOZZBMeswEa/6Q==",
      "engines": {
        "node": "*"
      }
    },
    "node_modules/mime-db": {
      "version": "1.52.0",
      "resolved": "https://registry.npmjs.org/mime-db/-/mime-db-1.52.0.tgz",
      "integrity": "sha512-sPU4uV7dYlvtWJxwwxHD0PuihVNiE7TyAbQ5SWxDCB9mUYvOgroQOwYQQOKPJ8CIbE+1ETVlOoK1UC2nU3gYvg==",
      "engines": {
        "node": ">= 0.6"
      }
    },
    "node_modules/mime-types": {
      "version": "2.1.35",
      "resolved": "https://registry.npmjs.org/mime-types/-/mime-types-2.1.35.tgz",
      "integrity": "sha512-ZDY+bPm5zTTF+YpCrAU9nK0UgICYPT0QtT1NZWFv4s++TNkcgVaT0g6+4R2uI4MjQjzysHB1zxuWL50hzaeXiw==",
      "dependencies": {
        "mime-db": "1.52.0"
      },
      "engines": {
        "node": ">= 0.6"
      }
    },
    "node_modules/number-to-bn": {
      "version": "1.7.0",
      "resolved": "https://registry.npmjs.org/number-to-bn/-/number-to-bn-1.7.0.tgz",
      "integrity": "sha512-wsJ9gfSz1/s4ZsJN01lyonwuxA1tml6X1yBDnfpMglypcBRFZZkus26EdPSlqS5GJfYddVZa22p3VNb3z5m5Ig==",
      "dependencies": {
        "bn.js": "4.11.6",
        "strip-hex-prefix": "1.0.0"
      },
      "engines": {
        "node": ">=6.5.0",
        "npm": ">=3"
      }
    },
    "node_modules/number-to-bn/node_modules/bn.js": {
      "version": "4.11.6",
      "resolved": "https://registry.npmjs.org/bn.js/-/bn.js-4.11.6.tgz",
      "integrity": "sha512-XWwnNNFCuuSQ0m3r3C4LE3EiORltHd9M05pq6FOlVeiophzRbMo50Sbz1ehl8K3Z+jw9+vmgnXefY1hz8X+2wA=="
    },
    "node_modules/promise-throttle": {
      "version": "1.1.2",
      "resolved": "https://registry.npmjs.org/promise-throttle/-/promise-throttle-1.1.2.tgz",
      "integrity": "sha512-dij7vjyXNewuuN/gyr+TX2KRjw48mbV5FEtgyXaIoJjGYAKT0au23/voNvy9eS4UNJjx2KUdEcO5Yyfc1h7vWQ=="
    },
    "node_modules/strip-hex-prefix": {
      "version": "1.0.0",
      "resolved": "https://registry.npmjs.org/strip-hex-prefix/-/strip-hex-prefix-1.0.0.tgz",
      "integrity": "sha1-DF8VX+8RUTczd96du1iNoFUA428=",
      "dependencies": {
        "is-hex-prefixed": "1.0.0"
      },
      "engines": {
        "node": ">=6.5.0",
        "npm": ">=3"
      }
    },
    "node_modules/symbol.inspect": {
      "version": "1.0.1",
      "resolved": "https://registry.npmjs.org/symbol.inspect/-/symbol.inspect-1.0.1.tgz",
      "integrity": "sha512-YQSL4duoHmLhsTD1Pw8RW6TZ5MaTX5rXJnqacJottr2P2LZBF/Yvrc3ku4NUpMOm8aM0KOCqM+UAkMA5HWQCzQ=="
    },
    "node_modules/teslabot": {
      "version": "1.5.0",
      "resolved": "https://registry.npmjs.org/teslabot/-/teslabot-1.5.0.tgz",
      "integrity": "sha512-e2MmELhCgrgZEGo7PQu/6bmYG36IDH+YrBI1iGm6jovXkeDIGa3pZ2WSqRjzkuw2vt1EqfkZoV5GpXgqL8QJVg=="
    },
    "node_modules/ton": {
      "version": "9.9.0",
      "resolved": "https://registry.npmjs.org/ton/-/ton-9.9.0.tgz",
      "integrity": "sha512-6t+/5b/6DbQH58ywJoc96CN1txcxXjZfYXk/vDeJClqfFR5Z9QikfoPGjLPHTkpLo8jALGPrcKnZDYIwU6biew==",
      "dependencies": {
        "axios": "^0.25.0",
        "bn.js": "5.2.0",
        "dataloader": "^2.0.0",
        "ethjs-unit": "0.1.6",
        "fp-ts": "^2.11.1",
        "io-ts": "^2.2.16",
        "io-ts-reporters": "^2.0.0",
        "symbol.inspect": "1.0.1",
        "teslabot": "^1.3.0",
        "ton-crypto": "2.1.0",
        "tweetnacl": "1.0.3"
      }
    },
    "node_modules/ton-contracts": {
      "version": "3.1.0",
      "resolved": "https://registry.npmjs.org/ton-contracts/-/ton-contracts-3.1.0.tgz",
      "integrity": "sha512-nT1CAdKsCS/XA/PMczJOgX42Cr2ZQa4NIwSifbd9M1Ukws4l7VjjFXQYPoWhEb2m43oqZqj3NO8X3WojWvFarA==",
      "dependencies": {
        "@openland/patterns": "^0.0.2"
      },
      "peerDependencies": {
        "ton": ">=9.1.0",
        "ton-crypto": ">=1.6.0"
      }
    },
    "node_modules/ton-crypto": {
      "version": "3.2.0",
      "resolved": "https://registry.npmjs.org/ton-crypto/-/ton-crypto-3.2.0.tgz",
      "integrity": "sha512-fltdBNQ45gARMuGMEOjPZWPJ5eSql8p3CA0Dj7tPv5lhU5ziT8SxXLAzDraR9HJ8YpjBHLVvYyhMLRiEwxgtMQ==",
      "dependencies": {
        "jssha": "3.2.0",
        "ton-crypto-primitives": "2.0.0",
        "tweetnacl": "1.0.3"
      }
    },
    "node_modules/ton-crypto-primitives": {
      "version": "2.0.0",
      "resolved": "https://registry.npmjs.org/ton-crypto-primitives/-/ton-crypto-primitives-2.0.0.tgz",
      "integrity": "sha512-K+qKjpS0h9sPW6oExcpxnzuQ7nEgHEiDKwIqE/jWD25o8iFGe3FWj1gKxFNbKE9wwYKc5IV8FwrU+raF0KO5nQ==",
      "dependencies": {
        "jssha": "3.2.0"
      }
    },
    "node_modules/ton-x": {
      "version": "0.6.0",
      "resolved": "https://registry.npmjs.org/ton-x/-/ton-x-0.6.0.tgz",
      "integrity": "sha512-0pizl3zNFcKKmrs2JqAYG/8SgqhNLOSZuOneRG7ilKiga3q5AbptnxwLJ0st+I39dZkN/7bsH1xM1gK+8qrVBg==",
      "dependencies": {
        "@types/bn.js": "^5.1.0",
        "axios": "^0.27.0",
        "bn.js": "^5.2.0",
        "fp-ts": "^2.12.0",
        "io-ts": "^2.2.16",
        "teslabot": "^1.5.0",
        "ton": "9.8.0",
        "ton-contracts": "^3.0.0",
        "ton-crypto": "^3.0.0"
      }
    },
    "node_modules/ton-x/node_modules/ton": {
      "version": "9.8.0",
      "resolved": "https://registry.npmjs.org/ton/-/ton-9.8.0.tgz",
      "integrity": "sha512-aH/7ODiEulPRZracSfQ4KeaV6iDmzjn14+YMsZ9x0sNlzhtP4blMIFXPJFp4BOc4INb5vTrfA0u+JtOoXlBO0A==",
      "dependencies": {
        "axios": "^0.25.0",
        "bn.js": "5.2.0",
        "dataloader": "^2.0.0",
        "ethjs-unit": "0.1.6",
        "fp-ts": "^2.11.1",
        "io-ts": "^2.2.16",
        "io-ts-reporters": "^2.0.0",
        "symbol.inspect": "1.0.1",
        "teslabot": "^1.3.0",
        "ton-crypto": "2.1.0",
        "tweetnacl": "1.0.3"
      }
    },
    "node_modules/ton-x/node_modules/ton/node_modules/axios": {
      "version": "0.25.0",
      "resolved": "https://registry.npmjs.org/axios/-/axios-0.25.0.tgz",
      "integrity": "sha512-cD8FOb0tRH3uuEe6+evtAbgJtfxr7ly3fQjYcMcuPlgkwVS9xboaVIpcDV+cYQe+yGykgwZCs1pzjntcGa6l5g==",
      "dependencies": {
        "follow-redirects": "^1.14.7"
      }
    },
    "node_modules/ton-x/node_modules/ton/node_modules/ton-crypto": {
      "version": "2.1.0",
      "resolved": "https://registry.npmjs.org/ton-crypto/-/ton-crypto-2.1.0.tgz",
      "integrity": "sha512-PZnmCOShfgq9tCRM8E7hG8nCkpkOyZvDLPXmZN92ZEBrfTT0NKKf0imndkxG5DkgWMjc6IKfgpnEaJDH9qN6ZQ==",
      "dependencies": {
        "jssha": "3.2.0",
        "ton-crypto-primitives": "2.0.0",
        "tweetnacl": "1.0.3"
      }
    },
    "node_modules/ton/node_modules/axios": {
      "version": "0.25.0",
      "resolved": "https://registry.npmjs.org/axios/-/axios-0.25.0.tgz",
      "integrity": "sha512-cD8FOb0tRH3uuEe6+evtAbgJtfxr7ly3fQjYcMcuPlgkwVS9xboaVIpcDV+cYQe+yGykgwZCs1pzjntcGa6l5g==",
      "dependencies": {
        "follow-redirects": "^1.14.7"
      }
    },
    "node_modules/ton/node_modules/ton-crypto": {
      "version": "2.1.0",
      "resolved": "https://registry.npmjs.org/ton-crypto/-/ton-crypto-2.1.0.tgz",
      "integrity": "sha512-PZnmCOShfgq9tCRM8E7hG8nCkpkOyZvDLPXmZN92ZEBrfTT0NKKf0imndkxG5DkgWMjc6IKfgpnEaJDH9qN6ZQ==",
      "dependencies": {
        "jssha": "3.2.0",
        "ton-crypto-primitives": "2.0.0",
        "tweetnacl": "1.0.3"
      }
    },
    "node_modules/tslib": {
      "version": "1.14.1",
      "resolved": "https://registry.npmjs.org/tslib/-/tslib-1.14.1.tgz",
      "integrity": "sha512-Xni35NKzjgMrwevysHTCArtLDpPvye8zV/0E4EyYn43P7/7qvQwPh9BGkHewbMulVntbigmcT7rdX3BNo9wRJg=="
    },
    "node_modules/tweetnacl": {
      "version": "1.0.3",
      "resolved": "https://registry.npmjs.org/tweetnacl/-/tweetnacl-1.0.3.tgz",
      "integrity": "sha512-6rt+RN7aOi1nGMyC4Xa5DdYiukl2UWCbcJft7YhxReBGQD7OAM8Pbxw6YMo4r2diNEA8FEmu32YOn9rhaiE5yw=="
    }
  },
  "dependencies": {
    "@aws-crypto/sha256-js": {
      "version": "2.0.1",
      "resolved": "https://registry.npmjs.org/@aws-crypto/sha256-js/-/sha256-js-2.0.1.tgz",
      "integrity": "sha512-mbHTBSPBvg6o/mN/c18Z/zifM05eJrapj5ggoOIeHIWckvkv5VgGi7r/wYpt+QAO2ySKXLNvH2d8L7bne4xrMQ==",
      "requires": {
        "@aws-crypto/util": "^2.0.1",
        "@aws-sdk/types": "^3.1.0",
        "tslib": "^1.11.1"
      }
    },
    "@aws-crypto/util": {
      "version": "2.0.1",
      "resolved": "https://registry.npmjs.org/@aws-crypto/util/-/util-2.0.1.tgz",
      "integrity": "sha512-JJmFFwvbm08lULw4Nm5QOLg8+lAQeC8aCXK5xrtxntYzYXCGfHwUJ4Is3770Q7HmICsXthGQ+ZsDL7C2uH3yBQ==",
      "requires": {
        "@aws-sdk/types": "^3.1.0",
        "@aws-sdk/util-utf8-browser": "^3.0.0",
        "tslib": "^1.11.1"
      }
    },
    "@aws-sdk/types": {
      "version": "3.78.0",
      "resolved": "https://registry.npmjs.org/@aws-sdk/types/-/types-3.78.0.tgz",
      "integrity": "sha512-I9PTlVNSbwhIgMfmDM5as1tqRIkVZunjVmfogb2WVVPp4CaX0Ll01S0FSMSLL9k6tcQLXqh45pFRjrxCl9WKdQ=="
    },
    "@aws-sdk/util-utf8-browser": {
      "version": "3.55.0",
      "resolved": "https://registry.npmjs.org/@aws-sdk/util-utf8-browser/-/util-utf8-browser-3.55.0.tgz",
      "integrity": "sha512-ljzqJcyjfJpEVSIAxwtIS8xMRUly84BdjlBXyp6cu4G8TUufgjNS31LWdhyGhgmW5vYBNr+LTz0Kwf6J+ou7Ug==",
      "requires": {
        "tslib": "^2.3.1"
      },
      "dependencies": {
        "tslib": {
          "version": "2.4.0",
          "resolved": "https://registry.npmjs.org/tslib/-/tslib-2.4.0.tgz",
          "integrity": "sha512-d6xOpEDfsi2CZVlPQzGeux8XMwLT9hssAsaPYExaQMuYskwb+x1x7J371tWlbBdWHroy99KnVB6qIkUbs5X3UQ=="
        }
      }
    },
    "@openland/patterns": {
      "version": "0.0.2",
      "resolved": "https://registry.npmjs.org/@openland/patterns/-/patterns-0.0.2.tgz",
      "integrity": "sha512-ttgJELwtG8cIER1JeWjkIMg3e+MlAL6n4wFPSNPoBCl+5t3G/HIz9kolvxBmN5/3RXEgh68NnePzGiUBaUHmRQ=="
    },
    "@scarf/scarf": {
      "version": "1.1.1",
      "resolved": "https://registry.npmjs.org/@scarf/scarf/-/scarf-1.1.1.tgz",
      "integrity": "sha512-VGbKDbk1RFIaSmdVb0cNjjWJoRWRI/Weo23AjRCC2nryO0iAS8pzsToJfPVPtVs74WHw4L1UTADNdIYRLkirZQ=="
    },
    "@types/axios": {
      "version": "0.14.0",
      "resolved": "https://registry.npmjs.org/@types/axios/-/axios-0.14.0.tgz",
      "integrity": "sha512-KqQnQbdYE54D7oa/UmYVMZKq7CO4l8DEENzOKc4aBRwxCXSlJXGz83flFx5L7AWrOQnmuN3kVsRdt+GZPPjiVQ==",
      "requires": {
        "axios": "*"
      }
    },
    "@types/bn.js": {
      "version": "5.1.0",
      "resolved": "https://registry.npmjs.org/@types/bn.js/-/bn.js-5.1.0.tgz",
      "integrity": "sha512-QSSVYj7pYFN49kW77o2s9xTCwZ8F2xLbjLLSEVh8D2F4JUhZtPAGOFLTD+ffqksBx/u4cE/KImFjyhqCjn/LIA==",
      "requires": {
        "@types/node": "*"
      }
    },
    "@types/node": {
      "version": "17.0.41",
      "resolved": "https://registry.npmjs.org/@types/node/-/node-17.0.41.tgz",
      "integrity": "sha512-xA6drNNeqb5YyV5fO3OAEsnXLfO7uF0whiOfPTz5AeDo8KeZFmODKnvwPymMNO8qE/an8pVY/O50tig2SQCrGw=="
    },
    "asynckit": {
      "version": "0.4.0",
      "resolved": "https://registry.npmjs.org/asynckit/-/asynckit-0.4.0.tgz",
      "integrity": "sha512-Oei9OH4tRh0YqU3GxhX79dM/mwVgvbZJaSNaRk+bshkj0S5cfHcgYakreBjrHwatXKbz+IoIdYLxrKim2MjW0Q=="
    },
    "axios": {
      "version": "0.27.2",
      "resolved": "https://registry.npmjs.org/axios/-/axios-0.27.2.tgz",
      "integrity": "sha512-t+yRIyySRTp/wua5xEr+z1q60QmLq8ABsS5O9Me1AsE5dfKqgnCFzwiCZZ/cGNd1lq4/7akDWMxdhVlucjmnOQ==",
      "requires": {
        "follow-redirects": "^1.14.9",
        "form-data": "^4.0.0"
      }
    },
    "axios-request-throttle": {
      "version": "1.0.0",
      "resolved": "https://registry.npmjs.org/axios-request-throttle/-/axios-request-throttle-1.0.0.tgz",
      "integrity": "sha512-NYh7kZkgSJZyIohqrvQEzr4uygqbxXb769kbphkwgYNAJm5eDg33mqHLA2pwHKC1uqbTfNpmjmzWdUdo+ptBWg==",
      "requires": {
        "@types/axios": "^0.14.0",
        "promise-throttle": "^1.1.2"
      }
    },
    "bn.js": {
      "version": "5.2.0",
      "resolved": "https://registry.npmjs.org/bn.js/-/bn.js-5.2.0.tgz",
      "integrity": "sha512-D7iWRBvnZE8ecXiLj/9wbxH7Tk79fAh8IHaTNq1RWRixsS02W+5qS+iE9yq6RYl0asXx5tw0bLhmT5pIfbSquw=="
    },
    "combined-stream": {
      "version": "1.0.8",
      "resolved": "https://registry.npmjs.org/combined-stream/-/combined-stream-1.0.8.tgz",
      "integrity": "sha512-FQN4MRfuJeHf7cBbBMJFXhKSDq+2kAArBlmRBvcvFE5BB1HZKXtSFASDhdlz9zOYwxh8lDdnvmMOe/+5cdoEdg==",
      "requires": {
        "delayed-stream": "~1.0.0"
      }
    },
    "dataloader": {
      "version": "2.1.0",
      "resolved": "https://registry.npmjs.org/dataloader/-/dataloader-2.1.0.tgz",
      "integrity": "sha512-qTcEYLen3r7ojZNgVUaRggOI+KM7jrKxXeSHhogh/TWxYMeONEMqY+hmkobiYQozsGIyg9OYVzO4ZIfoB4I0pQ=="
    },
    "delayed-stream": {
      "version": "1.0.0",
      "resolved": "https://registry.npmjs.org/delayed-stream/-/delayed-stream-1.0.0.tgz",
      "integrity": "sha512-ZySD7Nf91aLB0RxL4KGrKHBXl7Eds1DAmEdcoVawXnLD7SDhpNgtuII2aAkg7a7QS41jxPSZ17p4VdGnMHk3MQ=="
    },
    "dotenv": {
      "version": "16.0.1",
      "resolved": "https://registry.npmjs.org/dotenv/-/dotenv-16.0.1.tgz",
      "integrity": "sha512-1K6hR6wtk2FviQ4kEiSjFiH5rpzEVi8WW0x96aztHVMhEspNpc4DVOUTEHtEva5VThQ8IaBX1Pe4gSzpVVUsKQ=="
    },
    "ethjs-unit": {
      "version": "0.1.6",
      "resolved": "https://registry.npmjs.org/ethjs-unit/-/ethjs-unit-0.1.6.tgz",
      "integrity": "sha512-/Sn9Y0oKl0uqQuvgFk/zQgR7aw1g36qX/jzSQ5lSwlO0GigPymk4eGQfeNTD03w1dPOqfz8V77Cy43jH56pagw==",
      "requires": {
        "bn.js": "4.11.6",
        "number-to-bn": "1.7.0"
      },
      "dependencies": {
        "bn.js": {
          "version": "4.11.6",
          "resolved": "https://registry.npmjs.org/bn.js/-/bn.js-4.11.6.tgz",
          "integrity": "sha512-XWwnNNFCuuSQ0m3r3C4LE3EiORltHd9M05pq6FOlVeiophzRbMo50Sbz1ehl8K3Z+jw9+vmgnXefY1hz8X+2wA=="
        }
      }
    },
    "follow-redirects": {
      "version": "1.15.1",
      "resolved": "https://registry.npmjs.org/follow-redirects/-/follow-redirects-1.15.1.tgz",
      "integrity": "sha512-yLAMQs+k0b2m7cVxpS1VKJVvoz7SS9Td1zss3XRwXj+ZDH00RJgnuLx7E44wx02kQLrdM3aOOy+FpzS7+8OizA=="
    },
    "form-data": {
      "version": "4.0.0",
      "resolved": "https://registry.npmjs.org/form-data/-/form-data-4.0.0.tgz",
      "integrity": "sha512-ETEklSGi5t0QMZuiXoA/Q6vcnxcLQP5vdugSpuAyi6SVGi2clPPp+xgEhuMaHC+zGgn31Kd235W35f7Hykkaww==",
      "requires": {
        "asynckit": "^0.4.0",
        "combined-stream": "^1.0.8",
        "mime-types": "^2.1.12"
      }
    },
    "fp-ts": {
      "version": "2.12.1",
      "resolved": "https://registry.npmjs.org/fp-ts/-/fp-ts-2.12.1.tgz",
      "integrity": "sha512-oxvgqUYR6O9VkKXrxkJ0NOyU0FrE705MeqgBUMEPWyTu6Pwn768cJbHChw2XOBlgFLKfIHxjr2OOBFpv2mUGZw=="
    },
    "io-ts": {
      "version": "2.2.16",
      "resolved": "https://registry.npmjs.org/io-ts/-/io-ts-2.2.16.tgz",
      "integrity": "sha512-y5TTSa6VP6le0hhmIyN0dqEXkrZeJLeC5KApJq6VLci3UEKF80lZ+KuoUs02RhBxNWlrqSNxzfI7otLX1Euv8Q==",
      "requires": {}
    },
    "io-ts-reporters": {
      "version": "2.0.1",
      "resolved": "https://registry.npmjs.org/io-ts-reporters/-/io-ts-reporters-2.0.1.tgz",
      "integrity": "sha512-RVpLstYBsmTGgCW9wJ5KVyN/eRnRUDp87Flt4D1O3aJ7oAnd8csq8aXuu7ZeNK8qEDKmjUl9oUuzfwikaNAMKQ==",
      "requires": {
        "@scarf/scarf": "^1.1.1"
      }
    },
    "is-hex-prefixed": {
      "version": "1.0.0",
      "resolved": "https://registry.npmjs.org/is-hex-prefixed/-/is-hex-prefixed-1.0.0.tgz",
      "integrity": "sha512-WvtOiug1VFrE9v1Cydwm+FnXd3+w9GaeVUss5W4v/SLy3UW00vP+6iNF2SdnfiBoLy4bTqVdkftNGTUeOFVsbA=="
    },
    "jetton-deployer-contracts": {
      "version": "file:../jetton-deployer-contracts-0.0.5.tgz",
      "integrity": "sha512-JlfLnKxQd2k1WHVmptwwm3tdQ5RmnlK3vONk/mdSQeDVVP8kOlWXrZNH9oNJOp0Xw5SwjF/cLRARIAgb4Fp8Kg==",
      "requires": {
        "@aws-crypto/sha256-js": "^2.0.1",
        "axios-request-throttle": "^1.0.0",
        "dotenv": "^16.0.0",
        "ton": "^9.6.3",
        "ton-crypto": "^3.1.0",
        "ton-x": "^0.6.0"
      }
    },
    "jssha": {
      "version": "3.2.0",
      "resolved": "https://registry.npmjs.org/jssha/-/jssha-3.2.0.tgz",
      "integrity": "sha512-QuruyBENDWdN4tZwJbQq7/eAK85FqrI4oDbXjy5IBhYD+2pTJyBUWZe8ctWaCkrV0gy6AaelgOZZBMeswEa/6Q=="
    },
    "mime-db": {
      "version": "1.52.0",
      "resolved": "https://registry.npmjs.org/mime-db/-/mime-db-1.52.0.tgz",
      "integrity": "sha512-sPU4uV7dYlvtWJxwwxHD0PuihVNiE7TyAbQ5SWxDCB9mUYvOgroQOwYQQOKPJ8CIbE+1ETVlOoK1UC2nU3gYvg=="
    },
    "mime-types": {
      "version": "2.1.35",
      "resolved": "https://registry.npmjs.org/mime-types/-/mime-types-2.1.35.tgz",
      "integrity": "sha512-ZDY+bPm5zTTF+YpCrAU9nK0UgICYPT0QtT1NZWFv4s++TNkcgVaT0g6+4R2uI4MjQjzysHB1zxuWL50hzaeXiw==",
      "requires": {
        "mime-db": "1.52.0"
      }
    },
    "number-to-bn": {
      "version": "1.7.0",
      "resolved": "https://registry.npmjs.org/number-to-bn/-/number-to-bn-1.7.0.tgz",
      "integrity": "sha512-wsJ9gfSz1/s4ZsJN01lyonwuxA1tml6X1yBDnfpMglypcBRFZZkus26EdPSlqS5GJfYddVZa22p3VNb3z5m5Ig==",
      "requires": {
        "bn.js": "4.11.6",
        "strip-hex-prefix": "1.0.0"
      },
      "dependencies": {
        "bn.js": {
          "version": "4.11.6",
          "resolved": "https://registry.npmjs.org/bn.js/-/bn.js-4.11.6.tgz",
          "integrity": "sha512-XWwnNNFCuuSQ0m3r3C4LE3EiORltHd9M05pq6FOlVeiophzRbMo50Sbz1ehl8K3Z+jw9+vmgnXefY1hz8X+2wA=="
        }
      }
    },
    "promise-throttle": {
      "version": "1.1.2",
      "resolved": "https://registry.npmjs.org/promise-throttle/-/promise-throttle-1.1.2.tgz",
      "integrity": "sha512-dij7vjyXNewuuN/gyr+TX2KRjw48mbV5FEtgyXaIoJjGYAKT0au23/voNvy9eS4UNJjx2KUdEcO5Yyfc1h7vWQ=="
    },
    "strip-hex-prefix": {
      "version": "1.0.0",
      "resolved": "https://registry.npmjs.org/strip-hex-prefix/-/strip-hex-prefix-1.0.0.tgz",
      "integrity": "sha1-DF8VX+8RUTczd96du1iNoFUA428=",
      "requires": {
        "is-hex-prefixed": "1.0.0"
      }
    },
    "symbol.inspect": {
      "version": "1.0.1",
      "resolved": "https://registry.npmjs.org/symbol.inspect/-/symbol.inspect-1.0.1.tgz",
      "integrity": "sha512-YQSL4duoHmLhsTD1Pw8RW6TZ5MaTX5rXJnqacJottr2P2LZBF/Yvrc3ku4NUpMOm8aM0KOCqM+UAkMA5HWQCzQ=="
    },
    "teslabot": {
      "version": "1.5.0",
      "resolved": "https://registry.npmjs.org/teslabot/-/teslabot-1.5.0.tgz",
      "integrity": "sha512-e2MmELhCgrgZEGo7PQu/6bmYG36IDH+YrBI1iGm6jovXkeDIGa3pZ2WSqRjzkuw2vt1EqfkZoV5GpXgqL8QJVg=="
    },
    "ton": {
      "version": "9.9.0",
      "resolved": "https://registry.npmjs.org/ton/-/ton-9.9.0.tgz",
      "integrity": "sha512-6t+/5b/6DbQH58ywJoc96CN1txcxXjZfYXk/vDeJClqfFR5Z9QikfoPGjLPHTkpLo8jALGPrcKnZDYIwU6biew==",
      "requires": {
        "axios": "^0.25.0",
        "bn.js": "5.2.0",
        "dataloader": "^2.0.0",
        "ethjs-unit": "0.1.6",
        "fp-ts": "^2.11.1",
        "io-ts": "^2.2.16",
        "io-ts-reporters": "^2.0.0",
        "symbol.inspect": "1.0.1",
        "teslabot": "^1.3.0",
        "ton-crypto": "2.1.0",
        "tweetnacl": "1.0.3"
      },
      "dependencies": {
        "axios": {
          "version": "0.25.0",
          "resolved": "https://registry.npmjs.org/axios/-/axios-0.25.0.tgz",
          "integrity": "sha512-cD8FOb0tRH3uuEe6+evtAbgJtfxr7ly3fQjYcMcuPlgkwVS9xboaVIpcDV+cYQe+yGykgwZCs1pzjntcGa6l5g==",
          "requires": {
            "follow-redirects": "^1.14.7"
          }
        },
        "ton-crypto": {
          "version": "2.1.0",
          "resolved": "https://registry.npmjs.org/ton-crypto/-/ton-crypto-2.1.0.tgz",
          "integrity": "sha512-PZnmCOShfgq9tCRM8E7hG8nCkpkOyZvDLPXmZN92ZEBrfTT0NKKf0imndkxG5DkgWMjc6IKfgpnEaJDH9qN6ZQ==",
          "requires": {
            "jssha": "3.2.0",
            "ton-crypto-primitives": "2.0.0",
            "tweetnacl": "1.0.3"
          }
        }
      }
    },
    "ton-contracts": {
      "version": "3.1.0",
      "resolved": "https://registry.npmjs.org/ton-contracts/-/ton-contracts-3.1.0.tgz",
      "integrity": "sha512-nT1CAdKsCS/XA/PMczJOgX42Cr2ZQa4NIwSifbd9M1Ukws4l7VjjFXQYPoWhEb2m43oqZqj3NO8X3WojWvFarA==",
      "requires": {
        "@openland/patterns": "^0.0.2"
      }
    },
    "ton-crypto": {
      "version": "3.2.0",
      "resolved": "https://registry.npmjs.org/ton-crypto/-/ton-crypto-3.2.0.tgz",
      "integrity": "sha512-fltdBNQ45gARMuGMEOjPZWPJ5eSql8p3CA0Dj7tPv5lhU5ziT8SxXLAzDraR9HJ8YpjBHLVvYyhMLRiEwxgtMQ==",
      "requires": {
        "jssha": "3.2.0",
        "ton-crypto-primitives": "2.0.0",
        "tweetnacl": "1.0.3"
      }
    },
    "ton-crypto-primitives": {
      "version": "2.0.0",
      "resolved": "https://registry.npmjs.org/ton-crypto-primitives/-/ton-crypto-primitives-2.0.0.tgz",
      "integrity": "sha512-K+qKjpS0h9sPW6oExcpxnzuQ7nEgHEiDKwIqE/jWD25o8iFGe3FWj1gKxFNbKE9wwYKc5IV8FwrU+raF0KO5nQ==",
      "requires": {
        "jssha": "3.2.0"
      }
    },
    "ton-x": {
      "version": "0.6.0",
      "resolved": "https://registry.npmjs.org/ton-x/-/ton-x-0.6.0.tgz",
      "integrity": "sha512-0pizl3zNFcKKmrs2JqAYG/8SgqhNLOSZuOneRG7ilKiga3q5AbptnxwLJ0st+I39dZkN/7bsH1xM1gK+8qrVBg==",
      "requires": {
        "@types/bn.js": "^5.1.0",
        "axios": "^0.27.0",
        "bn.js": "^5.2.0",
        "fp-ts": "^2.12.0",
        "io-ts": "^2.2.16",
        "teslabot": "^1.5.0",
        "ton": "9.8.0",
        "ton-contracts": "^3.0.0",
        "ton-crypto": "^3.0.0"
      },
      "dependencies": {
        "ton": {
          "version": "9.8.0",
          "resolved": "https://registry.npmjs.org/ton/-/ton-9.8.0.tgz",
          "integrity": "sha512-aH/7ODiEulPRZracSfQ4KeaV6iDmzjn14+YMsZ9x0sNlzhtP4blMIFXPJFp4BOc4INb5vTrfA0u+JtOoXlBO0A==",
          "requires": {
            "axios": "^0.25.0",
            "bn.js": "5.2.0",
            "dataloader": "^2.0.0",
            "ethjs-unit": "0.1.6",
            "fp-ts": "^2.11.1",
            "io-ts": "^2.2.16",
            "io-ts-reporters": "^2.0.0",
            "symbol.inspect": "1.0.1",
            "teslabot": "^1.3.0",
            "ton-crypto": "2.1.0",
            "tweetnacl": "1.0.3"
          },
          "dependencies": {
            "axios": {
              "version": "0.25.0",
              "resolved": "https://registry.npmjs.org/axios/-/axios-0.25.0.tgz",
              "integrity": "sha512-cD8FOb0tRH3uuEe6+evtAbgJtfxr7ly3fQjYcMcuPlgkwVS9xboaVIpcDV+cYQe+yGykgwZCs1pzjntcGa6l5g==",
              "requires": {
                "follow-redirects": "^1.14.7"
              }
            },
            "ton-crypto": {
              "version": "2.1.0",
              "resolved": "https://registry.npmjs.org/ton-crypto/-/ton-crypto-2.1.0.tgz",
              "integrity": "sha512-PZnmCOShfgq9tCRM8E7hG8nCkpkOyZvDLPXmZN92ZEBrfTT0NKKf0imndkxG5DkgWMjc6IKfgpnEaJDH9qN6ZQ==",
              "requires": {
                "jssha": "3.2.0",
                "ton-crypto-primitives": "2.0.0",
                "tweetnacl": "1.0.3"
              }
            }
          }
        }
      }
    },
    "tslib": {
      "version": "1.14.1",
      "resolved": "https://registry.npmjs.org/tslib/-/tslib-1.14.1.tgz",
      "integrity": "sha512-Xni35NKzjgMrwevysHTCArtLDpPvye8zV/0E4EyYn43P7/7qvQwPh9BGkHewbMulVntbigmcT7rdX3BNo9wRJg=="
    },
    "tweetnacl": {
      "version": "1.0.3",
      "resolved": "https://registry.npmjs.org/tweetnacl/-/tweetnacl-1.0.3.tgz",
      "integrity": "sha512-6rt+RN7aOi1nGMyC4Xa5DdYiukl2UWCbcJft7YhxReBGQD7OAM8Pbxw6YMo4r2diNEA8FEmu32YOn9rhaiE5yw=="
    }
  }
}
